
Microsoft Visual Studio Solution File, Format Version 12.00
# Visual Studio 15
VisualStudioVersion = 15.0.27004.2005
MinimumVisualStudioVersion = 10.0.40219.1
Project("{9A19103F-16F7-4668-BE54-9A1E7A4F7556}") = "Assignment", "AGLCats\Assignment.csproj", "{171D435A-BBAA-489B-807A-B2A451EF1AF0}"
EndProject
Project("{9A19103F-16F7-4668-BE54-9A1E7A4F7556}") = "Assignment.UnitTests", "Assignment.UnitTests\Assignment.UnitTests.csproj", "{14EB4D35-6CF5-43DE-8C17-EE51C12E200A}"
EndProject
Global
	GlobalSection(SolutionConfigurationPlatforms) = preSolution
		Debug|Any CPU = Debug|Any CPU
		Release|Any CPU = Release|Any CPU
	EndGlobalSection
	GlobalSection(ProjectConfigurationPlatforms) = postSolution
		{171D435A-BBAA-489B-807A-B2A451EF1AF0}.Debug|Any CPU.ActiveCfg = Debug|Any CPU
		{171D435A-BBAA-489B-807A-B2A451EF1AF0}.Debug|Any CPU.Build.0 = Debug|Any CPU
		{171D435A-BBAA-489B-807A-B2A451EF1AF0}.Release|Any CPU.ActiveCfg = Release|Any CPU
		{171D435A-BBAA-489B-807A-B2A451EF1AF0}.Release|Any CPU.Build.0 = Release|Any CPU
		{14EB4D35-6CF5-43DE-8C17-EE51C12E200A}.Debug|Any CPU.ActiveCfg = Debug|Any CPU
		{14EB4D35-6CF5-43DE-8C17-EE51C12E200A}.Debug|Any CPU.Build.0 = Debug|Any CPU
		{14EB4D35-6CF5-43DE-8C17-EE51C12E200A}.Release|Any CPU.ActiveCfg = Release|Any CPU
		{14EB4D35-6CF5-43DE-8C17-EE51C12E200A}.Release|Any CPU.Build.0 = Release|Any CPU
	EndGlobalSection
	GlobalSection(SolutionProperties) = preSolution
		HideSolutionNode = FALSE
	EndGlobalSection
	GlobalSection(ExtensibilityGlobals) = postSolution
		SolutionGuid = {792E1B45-6E4A-4989-BFCE-85CB40E8D36A}
	EndGlobalSection
EndGlobal
